
Microsoft Visual Studio Solution File, Format Version 12.00
# Visual Studio Version 17
VisualStudioVersion = 17.7.34221.43
MinimumVisualStudioVersion = 10.0.40219.1
Project("{9A19103F-16F7-4668-BE54-9A1E7A4F7556}") = "Prueba_tecnica", "Prueba_tecnica\Prueba_tecnica.csproj", "{F0DAB678-2FFA-4390-9C9B-052A770B7DD5}"
EndProject
Global
	GlobalSection(SolutionConfigurationPlatforms) = preSolution
		Debug|Any CPU = Debug|Any CPU
		Release|Any CPU = Release|Any CPU
	EndGlobalSection
	GlobalSection(ProjectConfigurationPlatforms) = postSolution
		{F0DAB678-2FFA-4390-9C9B-052A770B7DD5}.Debug|Any CPU.ActiveCfg = Debug|Any CPU
		{F0DAB678-2FFA-4390-9C9B-052A770B7DD5}.Debug|Any CPU.Build.0 = Debug|Any CPU
		{F0DAB678-2FFA-4390-9C9B-052A770B7DD5}.Release|Any CPU.ActiveCfg = Release|Any CPU
		{F0DAB678-2FFA-4390-9C9B-052A770B7DD5}.Release|Any CPU.Build.0 = Release|Any CPU
	EndGlobalSection
	GlobalSection(SolutionProperties) = preSolution
		HideSolutionNode = FALSE
	EndGlobalSection
	GlobalSection(ExtensibilityGlobals) = postSolution
		SolutionGuid = {22315606-C511-4FA7-9017-4DA14CE0C6F4}
	EndGlobalSection
EndGlobal
